
Microsoft Visual Studio Solution File, Format Version 12.00
# Visual Studio Version 16
VisualStudioVersion = 16.0.30002.166
MinimumVisualStudioVersion = 10.0.40219.1
Project("{FAE04EC0-301F-11D3-BF4B-00C04F79EFBC}") = "JsonToExcel", "JsonToExcel\JsonToExcel.csproj", "{C91B55D0-8069-4C78-98FE-D4A5A2E8987D}"
EndProject
Project("{FAE04EC0-301F-11D3-BF4B-00C04F79EFBC}") = "JsonToExcel.Test", "JsonToExcel.Test\JsonToExcel.Test.csproj", "{AA02133D-1376-4979-900A-6AFDE5C11F4F}"
EndProject
Global
	GlobalSection(SolutionConfigurationPlatforms) = preSolution
		Debug|Any CPU = Debug|Any CPU
		Release|Any CPU = Release|Any CPU
	EndGlobalSection
	GlobalSection(ProjectConfigurationPlatforms) = postSolution
		{C91B55D0-8069-4C78-98FE-D4A5A2E8987D}.Debug|Any CPU.ActiveCfg = Debug|Any CPU
		{C91B55D0-8069-4C78-98FE-D4A5A2E8987D}.Debug|Any CPU.Build.0 = Debug|Any CPU
		{C91B55D0-8069-4C78-98FE-D4A5A2E8987D}.Release|Any CPU.ActiveCfg = Release|Any CPU
		{C91B55D0-8069-4C78-98FE-D4A5A2E8987D}.Release|Any CPU.Build.0 = Release|Any CPU
		{AA02133D-1376-4979-900A-6AFDE5C11F4F}.Debug|Any CPU.ActiveCfg = Debug|Any CPU
		{AA02133D-1376-4979-900A-6AFDE5C11F4F}.Debug|Any CPU.Build.0 = Debug|Any CPU
		{AA02133D-1376-4979-900A-6AFDE5C11F4F}.Release|Any CPU.ActiveCfg = Release|Any CPU
		{AA02133D-1376-4979-900A-6AFDE5C11F4F}.Release|Any CPU.Build.0 = Release|Any CPU
	EndGlobalSection
	GlobalSection(SolutionProperties) = preSolution
		HideSolutionNode = FALSE
	EndGlobalSection
	GlobalSection(ExtensibilityGlobals) = postSolution
		SolutionGuid = {755620D5-73BE-49BC-A73E-30389EDACA89}
	EndGlobalSection
EndGlobal
